{
  "version": 4,
  "terraform_version": "1.15.8",
  "serial": 19,
  "lineage": "0b35b6f3-8df5-2de9-2a8e-6b8a600d43bc",
  "outputs": {},
  "resources": [
    {
      "module": "module.jenkins_vm",
      "mode": "managed",
      "type": "azurerm_linux_virtual_machine",
      "name": "jenkins_vm",
      "provider": "provider[\"registry.terraform.io/hashicorp/azurerm\"]",
      "instances": [
        {
          "schema_version": 0,
          "attributes": {
            "additional_capabilities": [],
            "admin_password": null,
            "admin_ssh_key": [
              {
                "public_key": "ssh-rsa AAAAB3NzaC1yc2EAAAADAQABAAACAQCyc1nwZG2YFf/btBCx+38qHcEb99O0gkHuQWKFvSlIn01rbpxoEM79K+Td4Cps7SIGCNNystbdvU+rEOcgcLRQucVvwMcJTePg1cfa2WYRIhi96Zk99UUcaxtD0w8V7aveSAd/qdXk3tzJPwM80MRmSXULMIf5mlbhV+EYnut/lR8vSZVvzXFnQG2V0exmI3SXcEB+pD7YDnHlEgU8XgZWfZCwhYEoIm/fwFm8kVqtVISifXdZ9It9UVvvG5tM+RdUO2D/Y6tnND1m3qzbLakHihFZ3uUshsTbPAsFgmUYrl7qxSa1P49QuPa8iU/I9yACEcI9wc06tJqsnGLO/0fo6OtfJgCRbUmFzgggZgrB675zwTdUFLWIVPPFKcP7L61wLBv7wDj3ACzOiEErLNeXzbSe/InAm+hfe8Nzd8UQYrZ9d0XnZTrlKR/FamfK6AZXnWQ5HxOPD76xs6wHLGtabyvcMhVpe4l9/JZeKRHlXBJX1Ux0KUofmlt18w65SkAl3BFUnoi5zk4PYQU6EBZywv/9Ej0B3Ry4TA0vjPp5jMnLfrKQUF8zYwou+PjRQZwgPhVDydPiJSnzoIXNZ5OYmxy8mMCvRWnbrIwMVHRtLBPzhSOSw3Dm2gxqASjIMjlvBUkLL/gGJJNzHtZg2RG9h4/Ql5XJfVY5F8fD+m3qgQ== aksha@Akshaya",
                "username": "azureuser"
              }
            ],
            "admin_username": "azureuser",
            "allow_extension_operations": true,
            "availability_set_id": "",
            "boot_diagnostics": [],
            "bypass_platform_safety_checks_on_user_schedule_enabled": false,
            "capacity_reservation_group_id": "",
            "computer_name": "vm-jenkins-dev",
            "custom_data": "IyEvYmluL2Jhc2gNCnN1ZG8gYXB0LWdldCB1cGRhdGUgLXkNCnN1ZG8gYXB0LWdldCBpbnN0YWxsIC15IG9wZW5qZGstMTctanJlIGRvY2tlci5pbyB1bnppcCBjdXJsIGFwdC10cmFuc3BvcnQtaHR0cHMgY2EtY2VydGlmaWNhdGVzIGdudXBnDQoNCiMgRW5hYmxlIERvY2tlcg0Kc3VkbyBzeXN0ZW1jdGwgZW5hYmxlIC0tbm93IGRvY2tlcg0KDQojIEluc3RhbGwgSmVua2lucw0Kc3VkbyB3Z2V0IC1PIC91c3Ivc2hhcmUva2V5cmluZ3MvamVua2lucy1rZXlyaW5nLmFzYyBodHRwczovL3BrZy5qZW5raW5zLmlvL2RlYmlhbi1zdGFibGUvamVua2lucy5pby0yMDIzLmtleQ0KZWNobyAiZGViIFtzaWduZWQtYnk9L3Vzci9zaGFyZS9rZXlyaW5ncy9qZW5raW5zLWtleXJpbmcuYXNjXSBodHRwczovL3BrZy5qZW5raW5zLmlvL2RlYmlhbi1zdGFibGUgYmluYXJ5LyIgfCBzdWRvIHRlZSAvZXRjL2FwdC9zb3VyY2VzLmxpc3QuZC9qZW5raW5zLmxpc3QgPiAvZGV2L251bGwNCnN1ZG8gYXB0LWdldCB1cGRhdGUgLXkNCnN1ZG8gYXB0LWdldCBpbnN0YWxsIC15IGplbmtpbnMNCnN1ZG8gc3lzdGVtY3RsIGVuYWJsZSAtLW5vdyBqZW5raW5zDQpzdWRvIHVzZXJtb2QgLWFHIGRvY2tlciBqZW5raW5zDQoNCiMgSW5zdGFsbCBBenVyZSBDTEkNCmN1cmwgLXNMIGh0dHBzOi8vYWthLm1zL0luc3RhbGxBenVyZUNMSURlYiB8IHN1ZG8gYmFzaA0KDQojIEluc3RhbGwga3ViZWN0bA0KY3VybCAtTE8gImh0dHBzOi8vZGwuazhzLmlvL3JlbGVhc2UvJChjdXJsIC1MIC1zIGh0dHBzOi8vZGwuazhzLmlvL3JlbGVhc2Uvc3RhYmxlLnR4dCkvYmluL2xpbnV4L2FtZDY0L2t1YmVjdGwiDQpzdWRvIGluc3RhbGwgLW8gcm9vdCAtZyByb290IC1tIDA3NTUga3ViZWN0bCAvdXNyL2xvY2FsL2Jpbi9rdWJlY3RsDQo=",
            "dedicated_host_group_id": "",
            "dedicated_host_id": "",
            "disable_password_authentication": true,
            "disk_controller_type": "",
            "edge_zone": "",
            "encryption_at_host_enabled": false,
            "eviction_policy": "",
            "extensions_time_budget": "PT1H30M",
            "gallery_application": [],
            "id": "/subscriptions/8fbf56a2-fc1e-45d5-8dea-1adc237a62da/resourceGroups/rg-apexshield-dev/providers/Microsoft.Compute/virtualMachines/vm-jenkins-dev",
            "identity": [],
            "license_type": "",
            "location": "eastus",
            "max_bid_price": -1,
            "name": "vm-jenkins-dev",
            "network_interface_ids": [
              "/subscriptions/8fbf56a2-fc1e-45d5-8dea-1adc237a62da/resourceGroups/rg-apexshield-dev/providers/Microsoft.Network/networkInterfaces/nic-jenkins-dev"
            ],
            "os_disk": [
              {
                "caching": "ReadWrite",
                "diff_disk_settings": [],
                "disk_encryption_set_id": "",
                "disk_size_gb": 30,
                "name": "vm-jenkins-dev_OsDisk_1_a56f9fc87057412291937358d542a81e",
                "secure_vm_disk_encryption_set_id": "",
                "security_encryption_type": "",
                "storage_account_type": "Standard_LRS",
                "write_accelerator_enabled": false
              }
            ],
            "os_image_notification": [],
            "patch_assessment_mode": "ImageDefault",
            "patch_mode": "ImageDefault",
            "plan": [],
            "platform_fault_domain": -1,
            "priority": "Regular",
            "private_ip_address": "10.0.1.4",
            "private_ip_addresses": [
              "10.0.1.4"
            ],
            "provision_vm_agent": true,
            "proximity_placement_group_id": "",
            "public_ip_address": "74.235.48.55",
            "public_ip_addresses": [
              "74.235.48.55"
            ],
            "reboot_setting": "",
            "resource_group_name": "rg-apexshield-dev",
            "secret": [],
            "secure_boot_enabled": false,
            "size": "Standard_D2s_v3",
            "source_image_id": "",
            "source_image_reference": [
              {
                "offer": "0001-com-ubuntu-server-jammy",
                "publisher": "Canonical",
                "sku": "22_04-lts",
                "version": "latest"
              }
            ],
            "tags": {
              "Environment": "dev",
              "ManagedBy": "Terraform"
            },
            "termination_notification": [],
            "timeouts": null,
            "user_data": "",
            "virtual_machine_id": "31e88fa7-4b1d-4c1d-9a62-af89dc4b0cfb",
            "virtual_machine_scale_set_id": "",
            "vm_agent_platform_updates_enabled": false,
            "vtpm_enabled": false,
            "zone": ""
          },
          "sensitive_attributes": [
            [
              {
                "type": "get_attr",
                "value": "admin_password"
              }
            ],
            [
              {
                "type": "get_attr",
                "value": "custom_data"
              }
            ]
          ],
          "identity_schema_version": 0,
          "private": "eyJlMmJmYjczMC1lY2FhLTExZTYtOGY4OC0zNDM2M2JjN2M0YzAiOnsiY3JlYXRlIjoyNzAwMDAwMDAwMDAwLCJkZWxldGUiOjI3MDAwMDAwMDAwMDAsInJlYWQiOjMwMDAwMDAwMDAwMCwidXBkYXRlIjoyNzAwMDAwMDAwMDAwfX0=",
          "dependencies": [
            "module.jenkins_vm.azurerm_network_interface.jenkins_nic",
            "module.jenkins_vm.azurerm_public_ip.jenkins_ip",
            "module.jenkins_vm.azurerm_subnet.subnet",
            "module.jenkins_vm.azurerm_virtual_network.vnet",
            "module.resource_group.azurerm_resource_group.rg"
          ]
        }
      ]
    },
    {
      "module": "module.jenkins_vm",
      "mode": "managed",
      "type": "azurerm_network_interface",
      "name": "jenkins_nic",
      "provider": "provider[\"registry.terraform.io/hashicorp/azurerm\"]",
      "instances": [
        {
          "schema_version": 0,
          "attributes": {
            "accelerated_networking_enabled": false,
            "applied_dns_servers": [],
            "auxiliary_mode": "",
            "auxiliary_sku": "",
            "dns_servers": [],
            "edge_zone": "",
            "enable_accelerated_networking": false,
            "enable_ip_forwarding": false,
            "id": "/subscriptions/8fbf56a2-fc1e-45d5-8dea-1adc237a62da/resourceGroups/rg-apexshield-dev/providers/Microsoft.Network/networkInterfaces/nic-jenkins-dev",
            "internal_dns_name_label": "",
            "internal_domain_name_suffix": "gb4jydvzqszuvkucb3le4m5j1f.bx.internal.cloudapp.net",
            "ip_configuration": [
              {
                "gateway_load_balancer_frontend_ip_configuration_id": "",
                "name": "internal",
                "primary": true,
                "private_ip_address": "10.0.1.4",
                "private_ip_address_allocation": "Dynamic",
                "private_ip_address_version": "IPv4",
                "public_ip_address_id": "/subscriptions/8fbf56a2-fc1e-45d5-8dea-1adc237a62da/resourceGroups/rg-apexshield-dev/providers/Microsoft.Network/publicIPAddresses/pip-jenkins-dev",
                "subnet_id": "/subscriptions/8fbf56a2-fc1e-45d5-8dea-1adc237a62da/resourceGroups/rg-apexshield-dev/providers/Microsoft.Network/virtualNetworks/vnet-jenkins-dev/subnets/snet-jenkins-dev"
              }
            ],
            "ip_forwarding_enabled": false,
            "location": "eastus",
            "mac_address": "00-0D-3A-56-AD-40",
            "name": "nic-jenkins-dev",
            "private_ip_address": "10.0.1.4",
            "private_ip_addresses": [
              "10.0.1.4"
            ],
            "resource_group_name": "rg-apexshield-dev",
            "tags": {},
            "timeouts": null,
            "virtual_machine_id": "/subscriptions/8fbf56a2-fc1e-45d5-8dea-1adc237a62da/resourceGroups/rg-apexshield-dev/providers/Microsoft.Compute/virtualMachines/vm-jenkins-dev"
          },
          "sensitive_attributes": [],
          "identity_schema_version": 0,
          "private": "eyJlMmJmYjczMC1lY2FhLTExZTYtOGY4OC0zNDM2M2JjN2M0YzAiOnsiY3JlYXRlIjoxODAwMDAwMDAwMDAwLCJkZWxldGUiOjE4MDAwMDAwMDAwMDAsInJlYWQiOjMwMDAwMDAwMDAwMCwidXBkYXRlIjoxODAwMDAwMDAwMDAwfX0=",
          "dependencies": [
            "module.jenkins_vm.azurerm_public_ip.jenkins_ip",
            "module.jenkins_vm.azurerm_subnet.subnet",
            "module.jenkins_vm.azurerm_virtual_network.vnet",
            "module.resource_group.azurerm_resource_group.rg"
          ]
        }
      ]
    },
    {
      "module": "module.jenkins_vm",
      "mode": "managed",
      "type": "azurerm_public_ip",
      "name": "jenkins_ip",
      "provider": "provider[\"registry.terraform.io/hashicorp/azurerm\"]",
      "instances": [
        {
          "schema_version": 0,
          "attributes": {
            "allocation_method": "Static",
            "ddos_protection_mode": "VirtualNetworkInherited",
            "ddos_protection_plan_id": null,
            "domain_name_label": null,
            "edge_zone": "",
            "fqdn": null,
            "id": "/subscriptions/8fbf56a2-fc1e-45d5-8dea-1adc237a62da/resourceGroups/rg-apexshield-dev/providers/Microsoft.Network/publicIPAddresses/pip-jenkins-dev",
            "idle_timeout_in_minutes": 4,
            "ip_address": "74.235.48.55",
            "ip_tags": {},
            "ip_version": "IPv4",
            "location": "eastus",
            "name": "pip-jenkins-dev",
            "public_ip_prefix_id": null,
            "resource_group_name": "rg-apexshield-dev",
            "reverse_fqdn": null,
            "sku": "Standard",
            "sku_tier": "Regional",
            "tags": {
              "Environment": "dev",
              "ManagedBy": "Terraform"
            },
            "timeouts": null,
            "zones": []
          },
          "sensitive_attributes": [],
          "identity_schema_version": 0,
          "private": "eyJlMmJmYjczMC1lY2FhLTExZTYtOGY4OC0zNDM2M2JjN2M0YzAiOnsiY3JlYXRlIjoxODAwMDAwMDAwMDAwLCJkZWxldGUiOjE4MDAwMDAwMDAwMDAsInJlYWQiOjMwMDAwMDAwMDAwMCwidXBkYXRlIjoxODAwMDAwMDAwMDAwfX0=",
          "dependencies": [
            "module.resource_group.azurerm_resource_group.rg"
          ]
        }
      ]
    },
    {
      "module": "module.jenkins_vm",
      "mode": "managed",
      "type": "azurerm_subnet",
      "name": "subnet",
      "provider": "provider[\"registry.terraform.io/hashicorp/azurerm\"]",
      "instances": [
        {
          "schema_version": 0,
          "attributes": {
            "address_prefixes": [
              "10.0.1.0/24"
            ],
            "default_outbound_access_enabled": true,
            "delegation": [],
            "enforce_private_link_endpoint_network_policies": false,
            "enforce_private_link_service_network_policies": false,
            "id": "/subscriptions/8fbf56a2-fc1e-45d5-8dea-1adc237a62da/resourceGroups/rg-apexshield-dev/providers/Microsoft.Network/virtualNetworks/vnet-jenkins-dev/subnets/snet-jenkins-dev",
            "name": "snet-jenkins-dev",
            "private_endpoint_network_policies": "Enabled",
            "private_endpoint_network_policies_enabled": true,
            "private_link_service_network_policies_enabled": true,
            "resource_group_name": "rg-apexshield-dev",
            "service_endpoint_policy_ids": [],
            "service_endpoints": [],
            "timeouts": null,
            "virtual_network_name": "vnet-jenkins-dev"
          },
          "sensitive_attributes": [],
          "identity_schema_version": 0,
          "private": "eyJlMmJmYjczMC1lY2FhLTExZTYtOGY4OC0zNDM2M2JjN2M0YzAiOnsiY3JlYXRlIjoxODAwMDAwMDAwMDAwLCJkZWxldGUiOjE4MDAwMDAwMDAwMDAsInJlYWQiOjMwMDAwMDAwMDAwMCwidXBkYXRlIjoxODAwMDAwMDAwMDAwfX0=",
          "dependencies": [
            "module.jenkins_vm.azurerm_virtual_network.vnet",
            "module.resource_group.azurerm_resource_group.rg"
          ]
        }
      ]
    },
    {
      "module": "module.jenkins_vm",
      "mode": "managed",
      "type": "azurerm_virtual_network",
      "name": "vnet",
      "provider": "provider[\"registry.terraform.io/hashicorp/azurerm\"]",
      "instances": [
        {
          "schema_version": 0,
          "attributes": {
            "address_space": [
              "10.0.0.0/16"
            ],
            "bgp_community": "",
            "ddos_protection_plan": [],
            "dns_servers": [],
            "edge_zone": "",
            "encryption": [],
            "flow_timeout_in_minutes": 0,
            "guid": "0e9c7c30-84b9-4ab3-aa82-0f564f33e9dd",
            "id": "/subscriptions/8fbf56a2-fc1e-45d5-8dea-1adc237a62da/resourceGroups/rg-apexshield-dev/providers/Microsoft.Network/virtualNetworks/vnet-jenkins-dev",
            "location": "eastus",
            "name": "vnet-jenkins-dev",
            "resource_group_name": "rg-apexshield-dev",
            "subnet": [
              {
                "address_prefix": "10.0.1.0/24",
                "id": "/subscriptions/8fbf56a2-fc1e-45d5-8dea-1adc237a62da/resourceGroups/rg-apexshield-dev/providers/Microsoft.Network/virtualNetworks/vnet-jenkins-dev/subnets/snet-jenkins-dev",
                "name": "snet-jenkins-dev",
                "security_group": ""
              }
            ],
            "tags": {},
            "timeouts": null
          },
          "sensitive_attributes": [],
          "identity_schema_version": 0,
          "private": "eyJlMmJmYjczMC1lY2FhLTExZTYtOGY4OC0zNDM2M2JjN2M0YzAiOnsiY3JlYXRlIjoxODAwMDAwMDAwMDAwLCJkZWxldGUiOjE4MDAwMDAwMDAwMDAsInJlYWQiOjMwMDAwMDAwMDAwMCwidXBkYXRlIjoxODAwMDAwMDAwMDAwfX0=",
          "dependencies": [
            "module.resource_group.azurerm_resource_group.rg"
          ]
        }
      ]
    },
    {
      "module": "module.resource_group",
      "mode": "managed",
      "type": "azurerm_resource_group",
      "name": "rg",
      "provider": "provider[\"registry.terraform.io/hashicorp/azurerm\"]",
      "instances": [
        {
          "schema_version": 0,
          "attributes": {
            "id": "/subscriptions/8fbf56a2-fc1e-45d5-8dea-1adc237a62da/resourceGroups/rg-apexshield-dev",
            "location": "eastus",
            "managed_by": "",
            "name": "rg-apexshield-dev",
            "tags": {
              "Environment": "dev",
              "ManagedBy": "Terraform",
              "Project": "ApexShield"
            },
            "timeouts": null
          },
          "sensitive_attributes": [],
          "identity_schema_version": 0,
          "private": "eyJlMmJmYjczMC1lY2FhLTExZTYtOGY4OC0zNDM2M2JjN2M0YzAiOnsiY3JlYXRlIjo1NDAwMDAwMDAwMDAwLCJkZWxldGUiOjU0MDAwMDAwMDAwMDAsInJlYWQiOjMwMDAwMDAwMDAwMCwidXBkYXRlIjo1NDAwMDAwMDAwMDAwfX0="
        }
      ]
    }
  ],
  "check_results": null
}
